// !$*UTF8*$!
{
	archiveVersion = 1;
	classes = {
	};
	objectVersion = 48;
	objects = {

/* Begin PBXBuildFile section */
		9B25B74C1FAE09CF008F9CF7 /* AppDelegate.swift in Sources */ = {isa = PBXBuildFile; fileRef = 9B25B74B1FAE09CF008F9CF7 /* AppDelegate.swift */; };
		9B25B74E1FAE09D1008F9CF7 /* ViewController.swift in Sources */ = {isa = PBXBuildFile; fileRef = 9B25B74D1FAE09D1008F9CF7 /* ViewController.swift */; };
		9B25B7511FAE09D1008F9CF7 /* Main.storyboard in Resources */ = {isa = PBXBuildFile; fileRef = 9B25B74F1FAE09D1008F9CF7 /* Main.storyboard */; };
		9B25B7531FAE09D1008F9CF7 /* Assets.xcassets in Resources */ = {isa = PBXBuildFile; fileRef = 9B25B7521FAE09D1008F9CF7 /* Assets.xcassets */; };
		9B25B7561FAE09D1008F9CF7 /* LaunchScreen.storyboard in Resources */ = {isa = PBXBuildFile; fileRef = 9B25B7541FAE09D1008F9CF7 /* LaunchScreen.storyboard */; };
		9B25B75E1FAE48BC008F9CF7 /* SaveController.swift in Sources */ = {isa = PBXBuildFile; fileRef = 9B25B75D1FAE48BC008F9CF7 /* SaveController.swift */; };
		9B25B7601FAE4B91008F9CF7 /* userDefaultsManager.swift in Sources */ = {isa = PBXBuildFile; fileRef = 9B25B75F1FAE4B91008F9CF7 /* userDefaultsManager.swift */; };
		9B94F1421FBF330B00027DBA /* Icon-40.png in Resources */ = {isa = PBXBuildFile; fileRef = 9B94F1241FBF330800027DBA /* Icon-40.png */; };
		9B94F1431FBF330B00027DBA /* Icon-72.png in Resources */ = {isa = PBXBuildFile; fileRef = 9B94F1251FBF330800027DBA /* Icon-72.png */; };
		9B94F1441FBF330B00027DBA /* Icon-172.png in Resources */ = {isa = PBXBuildFile; fileRef = 9B94F1261FBF330800027DBA /* Icon-172.png */; };
		9B94F1451FBF330B00027DBA /* Icon-20.png in Resources */ = {isa = PBXBuildFile; fileRef = 9B94F1271FBF330900027DBA /* Icon-20.png */; };
		9B94F1461FBF330B00027DBA /* Icon-87.png in Resources */ = {isa = PBXBuildFile; fileRef = 9B94F1281FBF330900027DBA /* Icon-87.png */; };
		9B94F1471FBF330B00027DBA /* Icon-100.png in Resources */ = {isa = PBXBuildFile; fileRef = 9B94F1291FBF330900027DBA /* Icon-100.png */; };
		9B94F1481FBF330B00027DBA /* Icon-58.png in Resources */ = {isa = PBXBuildFile; fileRef = 9B94F12A1FBF330900027DBA /* Icon-58.png */; };
		9B94F1491FBF330B00027DBA /* Icon-128.png in Resources */ = {isa = PBXBuildFile; fileRef = 9B94F12B1FBF330900027DBA /* Icon-128.png */; };
		9B94F14A1FBF330B00027DBA /* Icon-80.png in Resources */ = {isa = PBXBuildFile; fileRef = 9B94F12C1FBF330900027DBA /* Icon-80.png */; };
		9B94F14B1FBF330B00027DBA /* Icon-120.png in Resources */ = {isa = PBXBuildFile; fileRef = 9B94F12D1FBF330900027DBA /* Icon-120.png */; };
		9B94F14C1FBF330B00027DBA /* Icon-29.png in Resources */ = {isa = PBXBuildFile; fileRef = 9B94F12E1FBF330900027DBA /* Icon-29.png */; };
		9B94F14D1FBF330B00027DBA /* Icon-16.png in Resources */ = {isa = PBXBuildFile; fileRef = 9B94F12F1FBF330900027DBA /* Icon-16.png */; };
		9B94F14E1FBF330B00027DBA /* Icon-167.png in Resources */ = {isa = PBXBuildFile; fileRef = 9B94F1301FBF330900027DBA /* Icon-167.png */; };
		9B94F14F1FBF330B00027DBA /* Icon-1024.png in Resources */ = {isa = PBXBuildFile; fileRef = 9B94F1311FBF330900027DBA /* Icon-1024.png */; };
		9B94F1501FBF330B00027DBA /* Icon-180.png in Resources */ = {isa = PBXBuildFile; fileRef = 9B94F1321FBF330900027DBA /* Icon-180.png */; };
		9B94F1511FBF330B00027DBA /* Icon-512.png in Resources */ = {isa = PBXBuildFile; fileRef = 9B94F1331FBF330900027DBA /* Icon-512.png */; };
		9B94F1521FBF330B00027DBA /* Icon-55.png in Resources */ = {isa = PBXBuildFile; fileRef = 9B94F1341FBF330900027DBA /* Icon-55.png */; };
		9B94F1531FBF330B00027DBA /* Icon-88.png in Resources */ = {isa = PBXBuildFile; fileRef = 9B94F1351FBF330900027DBA /* Icon-88.png */; };
		9B94F1541FBF330B00027DBA /* Icon-48.png in Resources */ = {isa = PBXBuildFile; fileRef = 9B94F1361FBF330900027DBA /* Icon-48.png */; };
		9B94F1551FBF330B00027DBA /* Icon-32.png in Resources */ = {isa = PBXBuildFile; fileRef = 9B94F1371FBF330A00027DBA /* Icon-32.png */; };
		9B94F1561FBF330B00027DBA /* Icon-64.png in Resources */ = {isa = PBXBuildFile; fileRef = 9B94F1381FBF330A00027DBA /* Icon-64.png */; };
		9B94F1571FBF330B00027DBA /* Icon-114.png in Resources */ = {isa = PBXBuildFile; fileRef = 9B94F1391FBF330A00027DBA /* Icon-114.png */; };
		9B94F1581FBF330B00027DBA /* Icon-144.png in Resources */ = {isa = PBXBuildFile; fileRef = 9B94F13A1FBF330A00027DBA /* Icon-144.png */; };
		9B94F1591FBF330B00027DBA /* Icon-152.png in Resources */ = {isa = PBXBuildFile; fileRef = 9B94F13B1FBF330A00027DBA /* Icon-152.png */; };
		9B94F15A1FBF330B00027DBA /* Icon-50.png in Resources */ = {isa = PBXBuildFile; fileRef = 9B94F13C1FBF330A00027DBA /* Icon-50.png */; };
		9B94F15B1FBF330B00027DBA /* Icon-57.png in Resources */ = {isa = PBXBuildFile; fileRef = 9B94F13D1FBF330A00027DBA /* Icon-57.png */; };
		9B94F15C1FBF330B00027DBA /* Icon-60.png in Resources */ = {isa = PBXBuildFile; fileRef = 9B94F13E1FBF330A00027DBA /* Icon-60.png */; };
		9B94F15D1FBF330B00027DBA /* Icon-256.png in Resources */ = {isa = PBXBuildFile; fileRef = 9B94F13F1FBF330A00027DBA /* Icon-256.png */; };
		9B94F15E1FBF330B00027DBA /* Icon-76.png in Resources */ = {isa = PBXBuildFile; fileRef = 9B94F1401FBF330A00027DBA /* Icon-76.png */; };
		9B94F15F1FBF330B00027DBA /* Icon-196.png in Resources */ = {isa = PBXBuildFile; fileRef = 9B94F1411FBF330A00027DBA /* Icon-196.png */; };
		9B94F1611FBF3A5600027DBA /* image_inter2.png in Resources */ = {isa = PBXBuildFile; fileRef = 9B94F1601FBF3A5600027DBA /* image_inter2.png */; };
		9B9EB8BA1FBE355D003672AF /* interf2.png in Resources */ = {isa = PBXBuildFile; fileRef = 9B9EB8B51FBE355D003672AF /* interf2.png */; };
		9B9EB8BB1FBE355D003672AF /* Reverso_simbol.png in Resources */ = {isa = PBXBuildFile; fileRef = 9B9EB8B61FBE355D003672AF /* Reverso_simbol.png */; };
		9B9EB8BC1FBE355D003672AF /* interface1.jpg in Resources */ = {isa = PBXBuildFile; fileRef = 9B9EB8B71FBE355D003672AF /* interface1.jpg */; };
		9B9EB8BE1FBE355D003672AF /* 11.png in Resources */ = {isa = PBXBuildFile; fileRef = 9B9EB8B91FBE355D003672AF /* 11.png */; };
/* End PBXBuildFile section */

/* Begin PBXFileReference section */
		9B25B7481FAE09CE008F9CF7 /* Dictionnaire_TP1.app */ = {isa = PBXFileReference; explicitFileType = wrapper.application; includeInIndex = 0; path = Dictionnaire_TP1.app; sourceTree = BUILT_PRODUCTS_DIR; };
		9B25B74B1FAE09CF008F9CF7 /* AppDelegate.swift */ = {isa = PBXFileReference; lastKnownFileType = sourcecode.swift; path = AppDelegate.swift; sourceTree = "<group>"; };
		9B25B74D1FAE09D1008F9CF7 /* ViewController.swift */ = {isa = PBXFileReference; lastKnownFileType = sourcecode.swift; path = ViewController.swift; sourceTree = "<group>"; };
		9B25B7501FAE09D1008F9CF7 /* Base */ = {isa = PBXFileReference; lastKnownFileType = file.storyboard; name = Base; path = Base.lproj/Main.storyboard; sourceTree = "<group>"; };
		9B25B7521FAE09D1008F9CF7 /* Assets.xcassets */ = {isa = PBXFileReference; lastKnownFileType = folder.assetcatalog; path = Assets.xcassets; sourceTree = "<group>"; };
		9B25B7551FAE09D1008F9CF7 /* Base */ = {isa = PBXFileReference; lastKnownFileType = file.storyboard; name = Base; path = Base.lproj/LaunchScreen.storyboard; sourceTree = "<group>"; };
		9B25B7571FAE09D1008F9CF7 /* Info.plist */ = {isa = PBXFileReference; lastKnownFileType = text.plist.xml; path = Info.plist; sourceTree = "<group>"; };
		9B25B75D1FAE48BC008F9CF7 /* SaveController.swift */ = {isa = PBXFileReference; lastKnownFileType = sourcecode.swift; path = SaveController.swift; sourceTree = "<group>"; };
		9B25B75F1FAE4B91008F9CF7 /* userDefaultsManager.swift */ = {isa = PBXFileReference; fileEncoding = 4; lastKnownFileType = sourcecode.swift; path = userDefaultsManager.swift; sourceTree = "<group>"; };
		9B94F1241FBF330800027DBA /* Icon-40.png */ = {isa = PBXFileReference; lastKnownFileType = image.png; path = "Icon-40.png"; sourceTree = "<group>"; };
		9B94F1251FBF330800027DBA /* Icon-72.png */ = {isa = PBXFileReference; lastKnownFileType = image.png; path = "Icon-72.png"; sourceTree = "<group>"; };
		9B94F1261FBF330800027DBA /* Icon-172.png */ = {isa = PBXFileReference; lastKnownFileType = image.png; path = "Icon-172.png"; sourceTree = "<group>"; };
		9B94F1271FBF330900027DBA /* Icon-20.png */ = {isa = PBXFileReference; lastKnownFileType = image.png; path = "Icon-20.png"; sourceTree = "<group>"; };
		9B94F1281FBF330900027DBA /* Icon-87.png */ = {isa = PBXFileReference; lastKnownFileType = image.png; path = "Icon-87.png"; sourceTree = "<group>"; };
		9B94F1291FBF330900027DBA /* Icon-100.png */ = {isa = PBXFileReference; lastKnownFileType = image.png; path = "Icon-100.png"; sourceTree = "<group>"; };
		9B94F12A1FBF330900027DBA /* Icon-58.png */ = {isa = PBXFileReference; lastKnownFileType = image.png; path = "Icon-58.png"; sourceTree = "<group>"; };
		9B94F12B1FBF330900027DBA /* Icon-128.png */ = {isa = PBXFileReference; lastKnownFileType = image.png; path = "Icon-128.png"; sourceTree = "<group>"; };
		9B94F12C1FBF330900027DBA /* Icon-80.png */ = {isa = PBXFileReference; lastKnownFileType = image.png; path = "Icon-80.png"; sourceTree = "<group>"; };
		9B94F12D1FBF330900027DBA /* Icon-120.png */ = {isa = PBXFileReference; lastKnownFileType = image.png; path = "Icon-120.png"; sourceTree = "<group>"; };
		9B94F12E1FBF330900027DBA /* Icon-29.png */ = {isa = PBXFileReference; lastKnownFileType = image.png; path = "Icon-29.png"; sourceTree = "<group>"; };
		9B94F12F1FBF330900027DBA /* Icon-16.png */ = {isa = PBXFileReference; lastKnownFileType = image.png; path = "Icon-16.png"; sourceTree = "<group>"; };
		9B94F1301FBF330900027DBA /* Icon-167.png */ = {isa = PBXFileReference; lastKnownFileType = image.png; path = "Icon-167.png"; sourceTree = "<group>"; };
		9B94F1311FBF330900027DBA /* Icon-1024.png */ = {isa = PBXFileReference; lastKnownFileType = image.png; path = "Icon-1024.png"; sourceTree = "<group>"; };
		9B94F1321FBF330900027DBA /* Icon-180.png */ = {isa = PBXFileReference; lastKnownFileType = image.png; path = "Icon-180.png"; sourceTree = "<group>"; };
		9B94F1331FBF330900027DBA /* Icon-512.png */ = {isa = PBXFileReference; lastKnownFileType = image.png; path = "Icon-512.png"; sourceTree = "<group>"; };
		9B94F1341FBF330900027DBA /* Icon-55.png */ = {isa = PBXFileReference; lastKnownFileType = image.png; path = "Icon-55.png"; sourceTree = "<group>"; };
		9B94F1351FBF330900027DBA /* Icon-88.png */ = {isa = PBXFileReference; lastKnownFileType = image.png; path = "Icon-88.png"; sourceTree = "<group>"; };
		9B94F1361FBF330900027DBA /* Icon-48.png */ = {isa = PBXFileReference; lastKnownFileType = image.png; path = "Icon-48.png"; sourceTree = "<group>"; };
		9B94F1371FBF330A00027DBA /* Icon-32.png */ = {isa = PBXFileReference; lastKnownFileType = image.png; path = "Icon-32.png"; sourceTree = "<group>"; };
		9B94F1381FBF330A00027DBA /* Icon-64.png */ = {isa = PBXFileReference; lastKnownFileType = image.png; path = "Icon-64.png"; sourceTree = "<group>"; };
		9B94F1391FBF330A00027DBA /* Icon-114.png */ = {isa = PBXFileReference; lastKnownFileType = image.png; path = "Icon-114.png"; sourceTree = "<group>"; };
		9B94F13A1FBF330A00027DBA /* Icon-144.png */ = {isa = PBXFileReference; lastKnownFileType = image.png; path = "Icon-144.png"; sourceTree = "<group>"; };
		9B94F13B1FBF330A00027DBA /* Icon-152.png */ = {isa = PBXFileReference; lastKnownFileType = image.png; path = "Icon-152.png"; sourceTree = "<group>"; };
		9B94F13C1FBF330A00027DBA /* Icon-50.png */ = {isa = PBXFileReference; lastKnownFileType = image.png; path = "Icon-50.png"; sourceTree = "<group>"; };
		9B94F13D1FBF330A00027DBA /* Icon-57.png */ = {isa = PBXFileReference; lastKnownFileType = image.png; path = "Icon-57.png"; sourceTree = "<group>"; };
		9B94F13E1FBF330A00027DBA /* Icon-60.png */ = {isa = PBXFileReference; lastKnownFileType = image.png; path = "Icon-60.png"; sourceTree = "<group>"; };
		9B94F13F1FBF330A00027DBA /* Icon-256.png */ = {isa = PBXFileReference; lastKnownFileType = image.png; path = "Icon-256.png"; sourceTree = "<group>"; };
		9B94F1401FBF330A00027DBA /* Icon-76.png */ = {isa = PBXFileReference; lastKnownFileType = image.png; path = "Icon-76.png"; sourceTree = "<group>"; };
		9B94F1411FBF330A00027DBA /* Icon-196.png */ = {isa = PBXFileReference; lastKnownFileType = image.png; path = "Icon-196.png"; sourceTree = "<group>"; };
		9B94F1601FBF3A5600027DBA /* image_inter2.png */ = {isa = PBXFileReference; lastKnownFileType = image.png; path = image_inter2.png; sourceTree = "<group>"; };
		9B9EB8B51FBE355D003672AF /* interf2.png */ = {isa = PBXFileReference; lastKnownFileType = image.png; path = interf2.png; sourceTree = "<group>"; };
		9B9EB8B61FBE355D003672AF /* Reverso_simbol.png */ = {isa = PBXFileReference; lastKnownFileType = image.png; path = Reverso_simbol.png; sourceTree = "<group>"; };
		9B9EB8B71FBE355D003672AF /* interface1.jpg */ = {isa = PBXFileReference; lastKnownFileType = image.jpeg; path = interface1.jpg; sourceTree = "<group>"; };
		9B9EB8B91FBE355D003672AF /* 11.png */ = {isa = PBXFileReference; lastKnownFileType = image.png; path = 11.png; sourceTree = "<group>"; };
/* End PBXFileReference section */

/* Begin PBXFrameworksBuildPhase section */
		9B25B7451FAE09CE008F9CF7 /* Frameworks */ = {
			isa = PBXFrameworksBuildPhase;
			buildActionMask = 2147483647;
			files = (
			);
			runOnlyForDeploymentPostprocessing = 0;
		};
/* End PBXFrameworksBuildPhase section */

/* Begin PBXGroup section */
		9B25B73F1FAE09CE008F9CF7 = {
			isa = PBXGroup;
			children = (
				9B25B74A1FAE09CE008F9CF7 /* Dictionnaire_TP1 */,
				9B25B7491FAE09CE008F9CF7 /* Products */,
			);
			sourceTree = "<group>";
		};
		9B25B7491FAE09CE008F9CF7 /* Products */ = {
			isa = PBXGroup;
			children = (
				9B25B7481FAE09CE008F9CF7 /* Dictionnaire_TP1.app */,
			);
			name = Products;
			sourceTree = "<group>";
		};
		9B25B74A1FAE09CE008F9CF7 /* Dictionnaire_TP1 */ = {
			isa = PBXGroup;
			children = (
				9B94F1231FBF32A600027DBA /* icones */,
				9B8D5C671FBB482800D8042A /* image */,
				9B25B75F1FAE4B91008F9CF7 /* userDefaultsManager.swift */,
				9B25B74B1FAE09CF008F9CF7 /* AppDelegate.swift */,
				9B25B74D1FAE09D1008F9CF7 /* ViewController.swift */,
				9B25B74F1FAE09D1008F9CF7 /* Main.storyboard */,
				9B25B75D1FAE48BC008F9CF7 /* SaveController.swift */,
				9B25B7521FAE09D1008F9CF7 /* Assets.xcassets */,
				9B25B7541FAE09D1008F9CF7 /* LaunchScreen.storyboard */,
				9B25B7571FAE09D1008F9CF7 /* Info.plist */,
			);
			path = Dictionnaire_TP1;
			sourceTree = "<group>";
		};
		9B8D5C671FBB482800D8042A /* image */ = {
			isa = PBXGroup;
			children = (
				9B94F1601FBF3A5600027DBA /* image_inter2.png */,
				9B9EB8B91FBE355D003672AF /* 11.png */,
				9B9EB8B51FBE355D003672AF /* interf2.png */,
				9B9EB8B71FBE355D003672AF /* interface1.jpg */,
				9B9EB8B61FBE355D003672AF /* Reverso_simbol.png */,
			);
			path = image;
			sourceTree = "<group>";
		};
		9B94F1231FBF32A600027DBA /* icones */ = {
			isa = PBXGroup;
			children = (
				9B94F12F1FBF330900027DBA /* Icon-16.png */,
				9B94F1271FBF330900027DBA /* Icon-20.png */,
				9B94F12E1FBF330900027DBA /* Icon-29.png */,
				9B94F1371FBF330A00027DBA /* Icon-32.png */,
				9B94F1241FBF330800027DBA /* Icon-40.png */,
				9B94F1361FBF330900027DBA /* Icon-48.png */,
				9B94F13C1FBF330A00027DBA /* Icon-50.png */,
				9B94F1341FBF330900027DBA /* Icon-55.png */,
				9B94F13D1FBF330A00027DBA /* Icon-57.png */,
				9B94F12A1FBF330900027DBA /* Icon-58.png */,
				9B94F13E1FBF330A00027DBA /* Icon-60.png */,
				9B94F1381FBF330A00027DBA /* Icon-64.png */,
				9B94F1251FBF330800027DBA /* Icon-72.png */,
				9B94F1401FBF330A00027DBA /* Icon-76.png */,
				9B94F12C1FBF330900027DBA /* Icon-80.png */,
				9B94F1281FBF330900027DBA /* Icon-87.png */,
				9B94F1351FBF330900027DBA /* Icon-88.png */,
				9B94F1291FBF330900027DBA /* Icon-100.png */,
				9B94F1391FBF330A00027DBA /* Icon-114.png */,
				9B94F12D1FBF330900027DBA /* Icon-120.png */,
				9B94F12B1FBF330900027DBA /* Icon-128.png */,
				9B94F13A1FBF330A00027DBA /* Icon-144.png */,
				9B94F13B1FBF330A00027DBA /* Icon-152.png */,
				9B94F1301FBF330900027DBA /* Icon-167.png */,
				9B94F1261FBF330800027DBA /* Icon-172.png */,
				9B94F1321FBF330900027DBA /* Icon-180.png */,
				9B94F1411FBF330A00027DBA /* Icon-196.png */,
				9B94F13F1FBF330A00027DBA /* Icon-256.png */,
				9B94F1331FBF330900027DBA /* Icon-512.png */,
				9B94F1311FBF330900027DBA /* Icon-1024.png */,
			);
			path = icones;
			sourceTree = "<group>";
		};
/* End PBXGroup section */

/* Begin PBXNativeTarget section */
		9B25B7471FAE09CE008F9CF7 /* Dictionnaire_TP1 */ = {
			isa = PBXNativeTarget;
			buildConfigurationList = 9B25B75A1FAE09D1008F9CF7 /* Build configuration list for PBXNativeTarget "Dictionnaire_TP1" */;
			buildPhases = (
				9B25B7441FAE09CE008F9CF7 /* Sources */,
				9B25B7451FAE09CE008F9CF7 /* Frameworks */,
				9B25B7461FAE09CE008F9CF7 /* Resources */,
			);
			buildRules = (
			);
			dependencies = (
			);
			name = Dictionnaire_TP1;
			productName = Dictionnaire_TP1;
			productReference = 9B25B7481FAE09CE008F9CF7 /* Dictionnaire_TP1.app */;
			productType = "com.apple.product-type.application";
		};
/* End PBXNativeTarget section */

/* Begin PBXProject section */
		9B25B7401FAE09CE008F9CF7 /* Project object */ = {
			isa = PBXProject;
			attributes = {
				LastSwiftUpdateCheck = 0900;
				LastUpgradeCheck = 0900;
				ORGANIZATIONNAME = eleves;
				TargetAttributes = {
					9B25B7471FAE09CE008F9CF7 = {
						CreatedOnToolsVersion = 9.0;
						ProvisioningStyle = Automatic;
					};
				};
			};
			buildConfigurationList = 9B25B7431FAE09CE008F9CF7 /* Build configuration list for PBXProject "Dictionnaire_TP1" */;
			compatibilityVersion = "Xcode 8.0";
			developmentRegion = en;
			hasScannedForEncodings = 0;
			knownRegions = (
				en,
				Base,
			);
			mainGroup = 9B25B73F1FAE09CE008F9CF7;
			productRefGroup = 9B25B7491FAE09CE008F9CF7 /* Products */;
			projectDirPath = "";
			projectRoot = "";
			targets = (
				9B25B7471FAE09CE008F9CF7 /* Dictionnaire_TP1 */,
			);
		};
/* End PBXProject section */

/* Begin PBXResourcesBuildPhase section */
		9B25B7461FAE09CE008F9CF7 /* Resources */ = {
			isa = PBXResourcesBuildPhase;
			buildActionMask = 2147483647;
			files = (
				9B94F1421FBF330B00027DBA /* Icon-40.png in Resources */,
				9B94F1471FBF330B00027DBA /* Icon-100.png in Resources */,
				9B94F1501FBF330B00027DBA /* Icon-180.png in Resources */,
				9B9EB8BA1FBE355D003672AF /* interf2.png in Resources */,
				9B94F1511FBF330B00027DBA /* Icon-512.png in Resources */,
				9B94F14E1FBF330B00027DBA /* Icon-167.png in Resources */,
				9B94F1571FBF330B00027DBA /* Icon-114.png in Resources */,
				9B94F14B1FBF330B00027DBA /* Icon-120.png in Resources */,
				9B94F1431FBF330B00027DBA /* Icon-72.png in Resources */,
				9B94F1551FBF330B00027DBA /* Icon-32.png in Resources */,
				9B94F1451FBF330B00027DBA /* Icon-20.png in Resources */,
				9B94F1561FBF330B00027DBA /* Icon-64.png in Resources */,
				9B94F1441FBF330B00027DBA /* Icon-172.png in Resources */,
				9B94F14F1FBF330B00027DBA /* Icon-1024.png in Resources */,
				9B9EB8BB1FBE355D003672AF /* Reverso_simbol.png in Resources */,
				9B94F1481FBF330B00027DBA /* Icon-58.png in Resources */,
				9B94F15C1FBF330B00027DBA /* Icon-60.png in Resources */,
				9B94F15E1FBF330B00027DBA /* Icon-76.png in Resources */,
				9B94F1531FBF330B00027DBA /* Icon-88.png in Resources */,
				9B25B7561FAE09D1008F9CF7 /* LaunchScreen.storyboard in Resources */,
				9B94F1521FBF330B00027DBA /* Icon-55.png in Resources */,
				9B9EB8BE1FBE355D003672AF /* 11.png in Resources */,
				9B94F15B1FBF330B00027DBA /* Icon-57.png in Resources */,
				9B94F14C1FBF330B00027DBA /* Icon-29.png in Resources */,
				9B94F1541FBF330B00027DBA /* Icon-48.png in Resources */,
				9B94F1591FBF330B00027DBA /* Icon-152.png in Resources */,
				9B25B7531FAE09D1008F9CF7 /* Assets.xcassets in Resources */,
				9B94F14D1FBF330B00027DBA /* Icon-16.png in Resources */,
				9B94F15A1FBF330B00027DBA /* Icon-50.png in Resources */,
				9B25B7511FAE09D1008F9CF7 /* Main.storyboard in Resources */,
				9B94F14A1FBF330B00027DBA /* Icon-80.png in Resources */,
				9B9EB8BC1FBE355D003672AF /* interface1.jpg in Resources */,
				9B94F1491FBF330B00027DBA /* Icon-128.png in Resources */,
				9B94F1611FBF3A5600027DBA /* image_inter2.png in Resources */,
				9B94F1581FBF330B00027DBA /* Icon-144.png in Resources */,
				9B94F15D1FBF330B00027DBA /* Icon-256.png in Resources */,
				9B94F1461FBF330B00027DBA /* Icon-87.png in Resources */,
				9B94F15F1FBF330B00027DBA /* Icon-196.png in Resources */,
			);
			runOnlyForDeploymentPostprocessing = 0;
		};
/* End PBXResourcesBuildPhase section */

/* Begin PBXSourcesBuildPhase section */
		9B25B7441FAE09CE008F9CF7 /* Sources */ = {
			isa = PBXSourcesBuildPhase;
			buildActionMask = 2147483647;
			files = (
				9B25B74E1FAE09D1008F9CF7 /* ViewController.swift in Sources */,
				9B25B74C1FAE09CF008F9CF7 /* AppDelegate.swift in Sources */,
				9B25B7601FAE4B91008F9CF7 /* userDefaultsManager.swift in Sources */,
				9B25B75E1FAE48BC008F9CF7 /* SaveController.swift in Sources */,
			);
			runOnlyForDeploymentPostprocessing = 0;
		};
/* End PBXSourcesBuildPhase section */

/* Begin PBXVariantGroup section */
		9B25B74F1FAE09D1008F9CF7 /* Main.storyboard */ = {
			isa = PBXVariantGroup;
			children = (
				9B25B7501FAE09D1008F9CF7 /* Base */,
			);
			name = Main.storyboard;
			sourceTree = "<group>";
		};
		9B25B7541FAE09D1008F9CF7 /* LaunchScreen.storyboard */ = {
			isa = PBXVariantGroup;
			children = (
				9B25B7551FAE09D1008F9CF7 /* Base */,
			);
			name = LaunchScreen.storyboard;
			sourceTree = "<group>";
		};
/* End PBXVariantGroup section */

/* Begin XCBuildConfiguration section */
		9B25B7581FAE09D1008F9CF7 /* Debug */ = {
			isa = XCBuildConfiguration;
			buildSettings = {
				ALWAYS_SEARCH_USER_PATHS = NO;
				CLANG_ANALYZER_NONNULL = YES;
				CLANG_ANALYZER_NUMBER_OBJECT_CONVERSION = YES_AGGRESSIVE;
				CLANG_CXX_LANGUAGE_STANDARD = "gnu++14";
				CLANG_CXX_LIBRARY = "libc++";
				CLANG_ENABLE_MODULES = YES;
				CLANG_ENABLE_OBJC_ARC = YES;
				CLANG_WARN_BLOCK_CAPTURE_AUTORELEASING = YES;
				CLANG_WARN_BOOL_CONVERSION = YES;
				CLANG_WARN_COMMA = YES;
				CLANG_WARN_CONSTANT_CONVERSION = YES;
				CLANG_WARN_DIRECT_OBJC_ISA_USAGE = YES_ERROR;
				CLANG_WARN_DOCUMENTATION_COMMENTS = YES;
				CLANG_WARN_EMPTY_BODY = YES;
				CLANG_WARN_ENUM_CONVERSION = YES;
				CLANG_WARN_INFINITE_RECURSION = YES;
				CLANG_WARN_INT_CONVERSION = YES;
				CLANG_WARN_NON_LITERAL_NULL_CONVERSION = YES;
				CLANG_WARN_OBJC_LITERAL_CONVERSION = YES;
				CLANG_WARN_OBJC_ROOT_CLASS = YES_ERROR;
				CLANG_WARN_RANGE_LOOP_ANALYSIS = YES;
				CLANG_WARN_STRICT_PROTOTYPES = YES;
				CLANG_WARN_SUSPICIOUS_MOVE = YES;
				CLANG_WARN_UNGUARDED_AVAILABILITY = YES_AGGRESSIVE;
				CLANG_WARN_UNREACHABLE_CODE = YES;
				CLANG_WARN__DUPLICATE_METHOD_MATCH = YES;
				CODE_SIGN_IDENTITY = "iPhone Developer";
				COPY_PHASE_STRIP = NO;
				DEBUG_INFORMATION_FORMAT = dwarf;
				ENABLE_STRICT_OBJC_MSGSEND = YES;
				ENABLE_TESTABILITY = YES;
				GCC_C_LANGUAGE_STANDARD = gnu11;
				GCC_DYNAMIC_NO_PIC = NO;
				GCC_NO_COMMON_BLOCKS = YES;
				GCC_OPTIMIZATION_LEVEL = 0;
				GCC_PREPROCESSOR_DEFINITIONS = (
					"DEBUG=1",
					"$(inherited)",
				);
				GCC_WARN_64_TO_32_BIT_CONVERSION = YES;
				GCC_WARN_ABOUT_RETURN_TYPE = YES_ERROR;
				GCC_WARN_UNDECLARED_SELECTOR = YES;
				GCC_WARN_UNINITIALIZED_AUTOS = YES_AGGRESSIVE;
				GCC_WARN_UNUSED_FUNCTION = YES;
				GCC_WARN_UNUSED_VARIABLE = YES;
				IPHONEOS_DEPLOYMENT_TARGET = 11.0;
				MTL_ENABLE_DEBUG_INFO = YES;
				ONLY_ACTIVE_ARCH = YES;
				SDKROOT = iphoneos;
				SWIFT_ACTIVE_COMPILATION_CONDITIONS = DEBUG;
				SWIFT_OPTIMIZATION_LEVEL = "-Onone";
			};
			name = Debug;
		};
		9B25B7591FAE09D1008F9CF7 /* Release */ = {
			isa = XCBuildConfiguration;
			buildSettings = {
				ALWAYS_SEARCH_USER_PATHS = NO;
				CLANG_ANALYZER_NONNULL = YES;
				CLANG_ANALYZER_NUMBER_OBJECT_CONVERSION = YES_AGGRESSIVE;
				CLANG_CXX_LANGUAGE_STANDARD = "gnu++14";
				CLANG_CXX_LIBRARY = "libc++";
				CLANG_ENABLE_MODULES = YES;
				CLANG_ENABLE_OBJC_ARC = YES;
				CLANG_WARN_BLOCK_CAPTURE_AUTORELEASING = YES;
				CLANG_WARN_BOOL_CONVERSION = YES;
				CLANG_WARN_COMMA = YES;
				CLANG_WARN_CONSTANT_CONVERSION = YES;
				CLANG_WARN_DIRECT_OBJC_ISA_USAGE = YES_ERROR;
				CLANG_WARN_DOCUMENTATION_COMMENTS = YES;
				CLANG_WARN_EMPTY_BODY = YES;
				CLANG_WARN_ENUM_CONVERSION = YES;
				CLANG_WARN_INFINITE_RECURSION = YES;
				CLANG_WARN_INT_CONVERSION = YES;
				CLANG_WARN_NON_LITERAL_NULL_CONVERSION = YES;
				CLANG_WARN_OBJC_LITERAL_CONVERSION = YES;
				CLANG_WARN_OBJC_ROOT_CLASS = YES_ERROR;
				CLANG_WARN_RANGE_LOOP_ANALYSIS = YES;
				CLANG_WARN_STRICT_PROTOTYPES = YES;
				CLANG_WARN_SUSPICIOUS_MOVE = YES;
				CLANG_WARN_UNGUARDED_AVAILABILITY = YES_AGGRESSIVE;
				CLANG_WARN_UNREACHABLE_CODE = YES;
				CLANG_WARN__DUPLICATE_METHOD_MATCH = YES;
				CODE_SIGN_IDENTITY = "iPhone Developer";
				COPY_PHASE_STRIP = NO;
				DEBUG_INFORMATION_FORMAT = "dwarf-with-dsym";
				ENABLE_NS_ASSERTIONS = NO;
				ENABLE_STRICT_OBJC_MSGSEND = YES;
				GCC_C_LANGUAGE_STANDARD = gnu11;
				GCC_NO_COMMON_BLOCKS = YES;
				GCC_WARN_64_TO_32_BIT_CONVERSION = YES;
				GCC_WARN_ABOUT_RETURN_TYPE = YES_ERROR;
				GCC_WARN_UNDECLARED_SELECTOR = YES;
				GCC_WARN_UNINITIALIZED_AUTOS = YES_AGGRESSIVE;
				GCC_WARN_UNUSED_FUNCTION = YES;
				GCC_WARN_UNUSED_VARIABLE = YES;
				IPHONEOS_DEPLOYMENT_TARGET = 11.0;
				MTL_ENABLE_DEBUG_INFO = NO;
				SDKROOT = iphoneos;
				SWIFT_OPTIMIZATION_LEVEL = "-Owholemodule";
				VALIDATE_PRODUCT = YES;
			};
			name = Release;
		};
		9B25B75B1FAE09D1008F9CF7 /* Debug */ = {
			isa = XCBuildConfiguration;
			buildSettings = {
				ASSETCATALOG_COMPILER_APPICON_NAME = AppIcon;
				CODE_SIGN_STYLE = Automatic;
				INFOPLIST_FILE = Dictionnaire_TP1/Info.plist;
				LD_RUNPATH_SEARCH_PATHS = "$(inherited) @executable_path/Frameworks";
				PRODUCT_BUNDLE_IDENTIFIER = "com.rodrigo.Dictionnaire-TP1";
				PRODUCT_NAME = "$(TARGET_NAME)";
				SWIFT_VERSION = 4.0;
				TARGETED_DEVICE_FAMILY = "1,2";
			};
			name = Debug;
		};
		9B25B75C1FAE09D1008F9CF7 /* Release */ = {
			isa = XCBuildConfiguration;
			buildSettings = {
				ASSETCATALOG_COMPILER_APPICON_NAME = AppIcon;
				CODE_SIGN_STYLE = Automatic;
				INFOPLIST_FILE = Dictionnaire_TP1/Info.plist;
				LD_RUNPATH_SEARCH_PATHS = "$(inherited) @executable_path/Frameworks";
				PRODUCT_BUNDLE_IDENTIFIER = "com.rodrigo.Dictionnaire-TP1";
				PRODUCT_NAME = "$(TARGET_NAME)";
				SWIFT_VERSION = 4.0;
				TARGETED_DEVICE_FAMILY = "1,2";
			};
			name = Release;
		};
/* End XCBuildConfiguration section */

/* Begin XCConfigurationList section */
		9B25B7431FAE09CE008F9CF7 /* Build configuration list for PBXProject "Dictionnaire_TP1" */ = {
			isa = XCConfigurationList;
			buildConfigurations = (
				9B25B7581FAE09D1008F9CF7 /* Debug */,
				9B25B7591FAE09D1008F9CF7 /* Release */,
			);
			defaultConfigurationIsVisible = 0;
			defaultConfigurationName = Release;
		};
		9B25B75A1FAE09D1008F9CF7 /* Build configuration list for PBXNativeTarget "Dictionnaire_TP1" */ = {
			isa = XCConfigurationList;
			buildConfigurations = (
				9B25B75B1FAE09D1008F9CF7 /* Debug */,
				9B25B75C1FAE09D1008F9CF7 /* Release */,
			);
			defaultConfigurationIsVisible = 0;
			defaultConfigurationName = Release;
		};
/* End XCConfigurationList section */
	};
	rootObject = 9B25B7401FAE09CE008F9CF7 /* Project object */;
}
